
Microsoft Visual Studio Solution File, Format Version 12.00
# Visual Studio Version 16
VisualStudioVersion = 16.0.29215.179
MinimumVisualStudioVersion = 10.0.40219.1
Project("{9A19103F-16F7-4668-BE54-9A1E7A4F7556}") = "Nventory", "Nventory\Nventory.csproj", "{6413DD50-9E61-44C6-8864-7CE1CCB94AB2}"
EndProject
Project("{FAE04EC0-301F-11D3-BF4B-00C04F79EFBC}") = "NventoryTests", "NventoryTests\NventoryTests.csproj", "{C822A3EE-3DFF-492B-8299-F9B11F3B88ED}"
EndProject
Global
	GlobalSection(SolutionConfigurationPlatforms) = preSolution
		Debug|Any CPU = Debug|Any CPU
		Release|Any CPU = Release|Any CPU
	EndGlobalSection
	GlobalSection(ProjectConfigurationPlatforms) = postSolution
		{6413DD50-9E61-44C6-8864-7CE1CCB94AB2}.Debug|Any CPU.ActiveCfg = Debug|Any CPU
		{6413DD50-9E61-44C6-8864-7CE1CCB94AB2}.Debug|Any CPU.Build.0 = Debug|Any CPU
		{6413DD50-9E61-44C6-8864-7CE1CCB94AB2}.Release|Any CPU.ActiveCfg = Release|Any CPU
		{6413DD50-9E61-44C6-8864-7CE1CCB94AB2}.Release|Any CPU.Build.0 = Release|Any CPU
		{C822A3EE-3DFF-492B-8299-F9B11F3B88ED}.Debug|Any CPU.ActiveCfg = Debug|Any CPU
		{C822A3EE-3DFF-492B-8299-F9B11F3B88ED}.Debug|Any CPU.Build.0 = Debug|Any CPU
		{C822A3EE-3DFF-492B-8299-F9B11F3B88ED}.Release|Any CPU.ActiveCfg = Release|Any CPU
		{C822A3EE-3DFF-492B-8299-F9B11F3B88ED}.Release|Any CPU.Build.0 = Release|Any CPU
	EndGlobalSection
	GlobalSection(SolutionProperties) = preSolution
		HideSolutionNode = FALSE
	EndGlobalSection
	GlobalSection(ExtensibilityGlobals) = postSolution
		SolutionGuid = {C8D8A87E-CA68-4050-804F-36FDB3D2D902}
	EndGlobalSection
EndGlobal
